
Microsoft Visual Studio Solution File, Format Version 12.00
# Visual Studio Version 17
VisualStudioVersion = 17.0.31912.275
MinimumVisualStudioVersion = 10.0.40219.1
Project("{FAE04EC0-301F-11D3-BF4B-00C04F79EFBC}") = "tab", "tab\tab.csproj", "{1DED63F2-FDAB-4C1D-953F-CA5D54D3CE84}"
EndProject
Global
	GlobalSection(SolutionConfigurationPlatforms) = preSolution
		Debug|Any CPU = Debug|Any CPU
		Release|Any CPU = Release|Any CPU
	EndGlobalSection
	GlobalSection(ProjectConfigurationPlatforms) = postSolution
		{1DED63F2-FDAB-4C1D-953F-CA5D54D3CE84}.Debug|Any CPU.ActiveCfg = Debug|Any CPU
		{1DED63F2-FDAB-4C1D-953F-CA5D54D3CE84}.Debug|Any CPU.Build.0 = Debug|Any CPU
		{1DED63F2-FDAB-4C1D-953F-CA5D54D3CE84}.Release|Any CPU.ActiveCfg = Release|Any CPU
		{1DED63F2-FDAB-4C1D-953F-CA5D54D3CE84}.Release|Any CPU.Build.0 = Release|Any CPU
	EndGlobalSection
	GlobalSection(SolutionProperties) = preSolution
		HideSolutionNode = FALSE
	EndGlobalSection
	GlobalSection(ExtensibilityGlobals) = postSolution
		SolutionGuid = {0FCB1472-0DA0-4F6C-A367-1CE516494C88}
	EndGlobalSection
EndGlobal
