
Microsoft Visual Studio Solution File, Format Version 12.00
# Visual Studio Version 16
VisualStudioVersion = 16.0.31829.152
MinimumVisualStudioVersion = 10.0.40219.1
Project("{8BC9CEB8-8B4A-11D0-8D11-00A0C91BC942}") = "LuaApi", "LuaApi\LuaApi.vcxproj", "{F1D135E1-D945-45EF-9EEC-397CA54A8DA7}"
EndProject
Global
	GlobalSection(SolutionConfigurationPlatforms) = preSolution
		Debug|x64 = Debug|x64
		Debug|x86 = Debug|x86
		Release|x64 = Release|x64
		Release|x86 = Release|x86
	EndGlobalSection
	GlobalSection(ProjectConfigurationPlatforms) = postSolution
		{F1D135E1-D945-45EF-9EEC-397CA54A8DA7}.Debug|x64.ActiveCfg = Debug|x64
		{F1D135E1-D945-45EF-9EEC-397CA54A8DA7}.Debug|x64.Build.0 = Debug|x64
		{F1D135E1-D945-45EF-9EEC-397CA54A8DA7}.Debug|x86.ActiveCfg = Debug|Win32
		{F1D135E1-D945-45EF-9EEC-397CA54A8DA7}.Debug|x86.Build.0 = Debug|Win32
		{F1D135E1-D945-45EF-9EEC-397CA54A8DA7}.Release|x64.ActiveCfg = Release|x64
		{F1D135E1-D945-45EF-9EEC-397CA54A8DA7}.Release|x64.Build.0 = Release|x64
		{F1D135E1-D945-45EF-9EEC-397CA54A8DA7}.Release|x86.ActiveCfg = Release|Win32
		{F1D135E1-D945-45EF-9EEC-397CA54A8DA7}.Release|x86.Build.0 = Release|Win32
	EndGlobalSection
	GlobalSection(SolutionProperties) = preSolution
		HideSolutionNode = FALSE
	EndGlobalSection
	GlobalSection(ExtensibilityGlobals) = postSolution
		SolutionGuid = {2C6F49D8-FAE6-46AF-B4F4-C1354849721F}
	EndGlobalSection
EndGlobal
