<?xml version="1.0" encoding="utf-8"?>
<Project ToolsVersion="4.0" xmlns="http://schemas.microsoft.com/developer/msbuild/2003">
  <ItemGroup>
    <Filter Include="window">
      <UniqueIdentifier>{4FC737F1-C7A5-4376-A066-2A32D752A2FF}</UniqueIdentifier>
      <Extensions>cpp;c;cc;cxx;c++;cppm;ixx;def;odl;idl;hpj;bat;asm;asmx</Extensions>
    </Filter>
    <Filter Include="kengine">
      <UniqueIdentifier>{fd06948b-d56b-4352-ae17-688a875f4b95}</UniqueIdentifier>
    </Filter>
    <Filter Include="kengine\core">
      <UniqueIdentifier>{97b17164-bbb8-474d-9d91-0320f9181be0}</UniqueIdentifier>
    </Filter>
    <Filter Include="kengine\render">
      <UniqueIdentifier>{dfc449d3-d207-4894-96f1-f4804edc52b5}</UniqueIdentifier>
    </Filter>
    <Filter Include="kengine\external">
      <UniqueIdentifier>{6633db67-f9f2-48c3-a34d-3dab0cb45822}</UniqueIdentifier>
    </Filter>
    <Filter Include="kengine\resource">
      <UniqueIdentifier>{d8447ae0-0491-40c2-897e-40080525e9ee}</UniqueIdentifier>
    </Filter>
    <Filter Include="kengine\core\base">
      <UniqueIdentifier>{20cde189-b05d-49a9-900f-934d18460050}</UniqueIdentifier>
    </Filter>
    <Filter Include="kengine\core\io">
      <UniqueIdentifier>{3785a8a3-bac2-4fc8-b859-af87e769244b}</UniqueIdentifier>
    </Filter>
    <Filter Include="kengine\core\math">
      <UniqueIdentifier>{3384a5a7-5e75-459d-90d0-feb554e3145b}</UniqueIdentifier>
    </Filter>
    <Filter Include="kengine\platform">
      <UniqueIdentifier>{607620f4-523d-48fc-befc-24fdf323c139}</UniqueIdentifier>
    </Filter>
    <Filter Include="kengine\platform\window">
      <UniqueIdentifier>{7a4027a8-197e-47e8-98e3-1d0a99dde891}</UniqueIdentifier>
    </Filter>
    <Filter Include="kengine\platform\android">
      <UniqueIdentifier>{4e266105-1e65-4af3-bbdb-20956c5af8c6}</UniqueIdentifier>
    </Filter>
    <Filter Include="kengine\external\mio">
      <UniqueIdentifier>{32503a33-e286-43cd-9058-97a3dc81fa65}</UniqueIdentifier>
    </Filter>
    <Filter Include="kengine\driver">
      <UniqueIdentifier>{d05ec5ef-8662-44a4-ba39-3dc7c9cc81ff}</UniqueIdentifier>
    </Filter>
    <Filter Include="kengine\driver\graphics">
      <UniqueIdentifier>{f6966848-e79c-486d-8760-ac9050043477}</UniqueIdentifier>
    </Filter>
    <Filter Include="kengine\driver\graphics\opengl">
      <UniqueIdentifier>{ee4260e5-c3e4-41dc-8956-e90a91e7dedc}</UniqueIdentifier>
    </Filter>
    <Filter Include="kengine\resource\gpu">
      <UniqueIdentifier>{d95d4082-5be9-4548-a035-067b3df1ce51}</UniqueIdentifier>
    </Filter>
    <Filter Include="kengine\resource\ram">
      <UniqueIdentifier>{279fec63-db6e-4934-9499-a4df88e9f28b}</UniqueIdentifier>
    </Filter>
    <Filter Include="kengine\resource\asset">
      <UniqueIdentifier>{46a63826-b3d4-4248-823b-bbd88b379f70}</UniqueIdentifier>
    </Filter>
    <Filter Include="kengine\resource\asset\loader">
      <UniqueIdentifier>{487d529f-b0b9-472f-aa6b-ba42c7c3cb59}</UniqueIdentifier>
    </Filter>
    <Filter Include="kengine\resource\asset\parser">
      <UniqueIdentifier>{2fe8d02b-212d-48cf-86aa-1c3b597545a1}</UniqueIdentifier>
    </Filter>
    <Filter Include="kengine\utiil">
      <UniqueIdentifier>{2fa1dc71-aad5-4eb2-bec5-71c5dd639007}</UniqueIdentifier>
    </Filter>
    <Filter Include="kengine\profiler">
      <UniqueIdentifier>{a508e8bc-c568-42e1-9017-c2d0e54f6abe}</UniqueIdentifier>
    </Filter>
    <Filter Include="kengine\support">
      <UniqueIdentifier>{ce7d7aff-865e-4421-a97c-b0f1c0594a16}</UniqueIdentifier>
    </Filter>
    <Filter Include="kengine\interface">
      <UniqueIdentifier>{4fa4e74c-d40f-4687-b8c8-ba23baee077d}</UniqueIdentifier>
    </Filter>
    <Filter Include="kengine\resource\asset\zip">
      <UniqueIdentifier>{71cd5bec-862f-4e92-be40-27121d147651}</UniqueIdentifier>
    </Filter>
    <Filter Include="kengine\resource\asset\bundle">
      <UniqueIdentifier>{580de19f-94a5-405f-8d36-e814c981b23b}</UniqueIdentifier>
    </Filter>
    <Filter Include="kengine\service">
      <UniqueIdentifier>{185f80fb-d0b3-4488-9965-6c9c639de86d}</UniqueIdentifier>
    </Filter>
    <Filter Include="kengine\kserialize">
      <UniqueIdentifier>{dee51341-8461-475c-8ba8-a4e3f5307381}</UniqueIdentifier>
    </Filter>
    <Filter Include="kengine\scene">
      <UniqueIdentifier>{c19628b9-bbdf-469c-bee4-c1923b9c881f}</UniqueIdentifier>
    </Filter>
    <Filter Include="kengine\scene\component">
      <UniqueIdentifier>{880ba638-9f32-4366-a288-6dc0ac52f8dd}</UniqueIdentifier>
    </Filter>
    <Filter Include="kengine\system">
      <UniqueIdentifier>{b4cf5f1d-6867-4218-88b6-e3f39919c5af}</UniqueIdentifier>
    </Filter>
    <Filter Include="kengine\system\render">
      <UniqueIdentifier>{2a7dce90-256c-43e5-be30-0d96646d11ab}</UniqueIdentifier>
    </Filter>
    <Filter Include="kengine\render\render_graph">
      <UniqueIdentifier>{f4ba42e3-36a9-48dc-885e-8f7b3b8382ce}</UniqueIdentifier>
    </Filter>
    <Filter Include="kengine\render\render_graph\pass">
      <UniqueIdentifier>{86a48a2a-9220-4876-960b-542b084e2f1c}</UniqueIdentifier>
    </Filter>
    <Filter Include="kengine\render\pipeline_state">
      <UniqueIdentifier>{708972c9-2238-40b1-b3b1-533948f9c731}</UniqueIdentifier>
    </Filter>
    <Filter Include="kengine\system\monitor">
      <UniqueIdentifier>{6a634b96-b473-49d6-b722-8a79b633be02}</UniqueIdentifier>
    </Filter>
    <Filter Include="kengine\geometry">
      <UniqueIdentifier>{c8a0ec27-60d6-4272-9c0b-5c90af87b576}</UniqueIdentifier>
    </Filter>
    <Filter Include="kengine\gpgpu">
      <UniqueIdentifier>{67b66946-e283-4d09-a405-2584f58f3582}</UniqueIdentifier>
    </Filter>
    <Filter Include="kengine\core\collection">
      <UniqueIdentifier>{86fe1293-b3c3-4849-8955-5be81dc7f3f5}</UniqueIdentifier>
    </Filter>
    <Filter Include="kengine\resource\buildin">
      <UniqueIdentifier>{a4a965f7-bc73-4f66-b923-4fe74397e547}</UniqueIdentifier>
    </Filter>
    <Filter Include="kengine\animation">
      <UniqueIdentifier>{dc9153d8-293a-4048-85d3-38b026163293}</UniqueIdentifier>
    </Filter>
  </ItemGroup>
  <ItemGroup>
    <ClCompile Include="window\main.cc">
      <Filter>window</Filter>
    </ClCompile>
    <ClCompile Include="kengine\kengine.cc">
      <Filter>kengine</Filter>
    </ClCompile>
    <ClCompile Include="kengine\platform\window\platform_window.cc">
      <Filter>kengine\platform\window</Filter>
    </ClCompile>
    <ClCompile Include="kengine\external\mio\single_include\mio\mio.cc">
      <Filter>kengine\external\mio</Filter>
    </ClCompile>
    <ClCompile Include="kengine\support\screen.cc">
      <Filter>kengine\support</Filter>
    </ClCompile>
    <ClCompile Include="kengine\util\texture_importer.cc">
      <Filter>kengine\utiil</Filter>
    </ClCompile>
    <ClCompile Include="kengine\scene\component\camera.cc">
      <Filter>kengine\scene\component</Filter>
    </ClCompile>
    <ClCompile Include="kengine\core\collection\clist.cc">
      <Filter>kengine\core\collection</Filter>
    </ClCompile>
  </ItemGroup>
  <ItemGroup>
    <ClInclude Include="window\test_app.h">
      <Filter>window</Filter>
    </ClInclude>
    <ClInclude Include="kengine\application.h">
      <Filter>kengine</Filter>
    </ClInclude>
    <ClInclude Include="kengine\kengine.h">
      <Filter>kengine</Filter>
    </ClInclude>
    <ClInclude Include="kengine\platform\platform.h">
      <Filter>kengine\platform</Filter>
    </ClInclude>
    <ClInclude Include="kengine\core\io\kengine_io.h">
      <Filter>kengine\core\io</Filter>
    </ClInclude>
    <ClInclude Include="kengine\platform\window\io_window.h">
      <Filter>kengine\platform\window</Filter>
    </ClInclude>
    <ClInclude Include="kengine\platform\window\mmap.h">
      <Filter>kengine\platform\window</Filter>
    </ClInclude>
    <ClInclude Include="kengine\core\io\mmap.h">
      <Filter>kengine\core\io</Filter>
    </ClInclude>
    <ClInclude Include="kengine\driver\graphics\opengl\driver_opengl.h">
      <Filter>kengine\driver\graphics\opengl</Filter>
    </ClInclude>
    <ClInclude Include="kengine\resource\ram\animation.h">
      <Filter>kengine\resource\ram</Filter>
    </ClInclude>
    <ClInclude Include="kengine\resource\ram\material.h">
      <Filter>kengine\resource\ram</Filter>
    </ClInclude>
    <ClInclude Include="kengine\resource\ram\mesh.h">
      <Filter>kengine\resource\ram</Filter>
    </ClInclude>
    <ClInclude Include="kengine\resource\ram\model.h">
      <Filter>kengine\resource\ram</Filter>
    </ClInclude>
    <ClInclude Include="kengine\resource\ram\prefab.h">
      <Filter>kengine\resource\ram</Filter>
    </ClInclude>
    <ClInclude Include="kengine\resource\ram\resource.h">
      <Filter>kengine\resource\ram</Filter>
    </ClInclude>
    <ClInclude Include="kengine\resource\ram\script.h">
      <Filter>kengine\resource\ram</Filter>
    </ClInclude>
    <ClInclude Include="kengine\resource\ram\shader.h">
      <Filter>kengine\resource\ram</Filter>
    </ClInclude>
    <ClInclude Include="kengine\resource\ram\texture.h">
      <Filter>kengine\resource\ram</Filter>
    </ClInclude>
    <ClInclude Include="kengine\resource\gpu\gpu_buffer.h">
      <Filter>kengine\resource\gpu</Filter>
    </ClInclude>
    <ClInclude Include="kengine\resource\gpu\gpu_texture.h">
      <Filter>kengine\resource\gpu</Filter>
    </ClInclude>
    <ClInclude Include="kengine\resource\gpu\gpu_object.h">
      <Filter>kengine\resource\gpu</Filter>
    </ClInclude>
    <ClInclude Include="kengine\resource\gpu\gpu_resource.h">
      <Filter>kengine\resource\gpu</Filter>
    </ClInclude>
    <ClInclude Include="kengine\resource\gpu\gpu_shader.h">
      <Filter>kengine\resource\gpu</Filter>
    </ClInclude>
    <ClInclude Include="kengine\resource\gpu\gpu_target.h">
      <Filter>kengine\resource\gpu</Filter>
    </ClInclude>
    <ClInclude Include="kengine\render\render.h">
      <Filter>kengine\render</Filter>
    </ClInclude>
    <ClInclude Include="kengine\render\graphics_api.h">
      <Filter>kengine\render</Filter>
    </ClInclude>
    <ClInclude Include="kengine\resource\asset\loader\asset_loader.h">
      <Filter>kengine\resource\asset\loader</Filter>
    </ClInclude>
    <ClInclude Include="kengine\resource\asset\loader\file_loader.h">
      <Filter>kengine\resource\asset\loader</Filter>
    </ClInclude>
    <ClInclude Include="kengine\resource\asset\loader\network_loader.h">
      <Filter>kengine\resource\asset\loader</Filter>
    </ClInclude>
    <ClInclude Include="kengine\resource\asset\loader\resource_loader.h">
      <Filter>kengine\resource\asset\loader</Filter>
    </ClInclude>
    <ClInclude Include="kengine\resource\asset\parser\asset_parser.h">
      <Filter>kengine\resource\asset\parser</Filter>
    </ClInclude>
    <ClInclude Include="kengine\resource\asset\asset.h">
      <Filter>kengine\resource\asset</Filter>
    </ClInclude>
    <ClInclude Include="kengine\resource\asset\asset_database.h">
      <Filter>kengine\resource\asset</Filter>
    </ClInclude>
    <ClInclude Include="kengine\profiler\profiler.h">
      <Filter>kengine\profiler</Filter>
    </ClInclude>
    <ClInclude Include="kengine\support\config.h">
      <Filter>kengine\support</Filter>
    </ClInclude>
    <ClInclude Include="kengine\support\ktime.h">
      <Filter>kengine\support</Filter>
    </ClInclude>
    <ClInclude Include="kengine\environment.h">
      <Filter>kengine</Filter>
    </ClInclude>
    <ClInclude Include="kengine\interface\IConfig.h">
      <Filter>kengine\interface</Filter>
    </ClInclude>
    <ClInclude Include="kengine\resource\asset\parser\kbf_parser.h">
      <Filter>kengine\resource\asset\parser</Filter>
    </ClInclude>
    <ClInclude Include="kengine\resource\asset\bundle\access_loader.h">
      <Filter>kengine\resource\asset\bundle</Filter>
    </ClInclude>
    <ClInclude Include="kengine\resource\asset\bundle\asset_bundle.h">
      <Filter>kengine\resource\asset\bundle</Filter>
    </ClInclude>
    <ClInclude Include="kengine\resource\asset\bundle\file_access_loader.h">
      <Filter>kengine\resource\asset\bundle</Filter>
    </ClInclude>
    <ClInclude Include="kengine\resource\asset\bundle\map_access_loader.h">
      <Filter>kengine\resource\asset\bundle</Filter>
    </ClInclude>
    <ClInclude Include="kengine\resource\asset\bundle\memery_access_loader.h">
      <Filter>kengine\resource\asset\bundle</Filter>
    </ClInclude>
    <ClInclude Include="kengine\resource\asset\bundle\asset_info_item.h">
      <Filter>kengine\resource\asset\bundle</Filter>
    </ClInclude>
    <ClInclude Include="kengine\resource\asset\asset_common.h">
      <Filter>kengine\resource\asset</Filter>
    </ClInclude>
    <ClInclude Include="kengine\service\name_service.h">
      <Filter>kengine\service</Filter>
    </ClInclude>
    <ClInclude Include="kengine\kserialize\assetbundle_generated.h">
      <Filter>kengine\kserialize</Filter>
    </ClInclude>
    <ClInclude Include="kengine\kserialize\common_generated.h">
      <Filter>kengine\kserialize</Filter>
    </ClInclude>
    <ClInclude Include="kengine\kserialize\namedatabase_generated.h">
      <Filter>kengine\kserialize</Filter>
    </ClInclude>
    <ClInclude Include="kengine\kserialize\shader_generated.h">
      <Filter>kengine\kserialize</Filter>
    </ClInclude>
    <ClInclude Include="kengine\kserialize\mesh_generated.h">
      <Filter>kengine\kserialize</Filter>
    </ClInclude>
    <ClInclude Include="kengine\scene\scene_manager.h">
      <Filter>kengine\scene</Filter>
    </ClInclude>
    <ClInclude Include="kengine\scene\component.h">
      <Filter>kengine\scene</Filter>
    </ClInclude>
    <ClInclude Include="kengine\scene\game_object.h">
      <Filter>kengine\scene</Filter>
    </ClInclude>
    <ClInclude Include="kengine\scene\component\camera.h">
      <Filter>kengine\scene\component</Filter>
    </ClInclude>
    <ClInclude Include="kengine\scene\component\light.h">
      <Filter>kengine\scene\component</Filter>
    </ClInclude>
    <ClInclude Include="kengine\scene\component\mesh_render.h">
      <Filter>kengine\scene\component</Filter>
    </ClInclude>
    <ClInclude Include="kengine\core\math\kmath.h">
      <Filter>kengine\core\math</Filter>
    </ClInclude>
    <ClInclude Include="kengine\core\math\srt.h">
      <Filter>kengine\core\math</Filter>
    </ClInclude>
    <ClInclude Include="kengine\core\math\glm_math.h">
      <Filter>kengine\core\math</Filter>
    </ClInclude>
    <ClInclude Include="kengine\system\render\render_system.h">
      <Filter>kengine\system\render</Filter>
    </ClInclude>
    <ClInclude Include="kengine\system\system.h">
      <Filter>kengine\system</Filter>
    </ClInclude>
    <ClInclude Include="kengine\core\math\rect.h">
      <Filter>kengine\core\math</Filter>
    </ClInclude>
    <ClInclude Include="kengine\render\render_graph\render_target.h">
      <Filter>kengine\render\render_graph</Filter>
    </ClInclude>
    <ClInclude Include="kengine\render\render_graph\attachment.h">
      <Filter>kengine\render\render_graph</Filter>
    </ClInclude>
    <ClInclude Include="kengine\render\render_graph\render_graph.h">
      <Filter>kengine\render\render_graph</Filter>
    </ClInclude>
    <ClInclude Include="kengine\render\render_graph\object_filter.h">
      <Filter>kengine\render\render_graph</Filter>
    </ClInclude>
    <ClInclude Include="kengine\scene\scene.h">
      <Filter>kengine\scene</Filter>
    </ClInclude>
    <ClInclude Include="kengine\render\render_graph\pass\clear_pass.h">
      <Filter>kengine\render\render_graph\pass</Filter>
    </ClInclude>
    <ClInclude Include="kengine\render\render_graph\pass\blit_pass.h">
      <Filter>kengine\render\render_graph\pass</Filter>
    </ClInclude>
    <ClInclude Include="kengine\render\render_graph\pass\post_pass.h">
      <Filter>kengine\render\render_graph\pass</Filter>
    </ClInclude>
    <ClInclude Include="kengine\render\render_graph\pass\state_pass.h">
      <Filter>kengine\render\render_graph\pass</Filter>
    </ClInclude>
    <ClInclude Include="kengine\render\gpu_type.h">
      <Filter>kengine\render</Filter>
    </ClInclude>
    <ClInclude Include="kengine\render\graphics.h">
      <Filter>kengine\render</Filter>
    </ClInclude>
    <ClInclude Include="kengine\render\unifrom_buffer_manager.h">
      <Filter>kengine\render</Filter>
    </ClInclude>
    <ClInclude Include="kengine\render\pipeline_state\blend_mode.h">
      <Filter>kengine\render\pipeline_state</Filter>
    </ClInclude>
    <ClInclude Include="kengine\render\pipeline_state\clear_value.h">
      <Filter>kengine\render\pipeline_state</Filter>
    </ClInclude>
    <ClInclude Include="kengine\render\pipeline_state\cull_face.h">
      <Filter>kengine\render\pipeline_state</Filter>
    </ClInclude>
    <ClInclude Include="kengine\render\pipeline_state\pipeline_state.h">
      <Filter>kengine\render\pipeline_state</Filter>
    </ClInclude>
    <ClInclude Include="kengine\render\pipeline_state\depth_test.h">
      <Filter>kengine\render\pipeline_state</Filter>
    </ClInclude>
    <ClInclude Include="kengine\render\pipeline_state\stencil_test.h">
      <Filter>kengine\render\pipeline_state</Filter>
    </ClInclude>
    <ClInclude Include="kengine\render\render_graph\pass\pass.h">
      <Filter>kengine\render\render_graph\pass</Filter>
    </ClInclude>
    <ClInclude Include="kengine\render\render_graph\pipeline.h">
      <Filter>kengine\render\render_graph</Filter>
    </ClInclude>
    <ClInclude Include="kengine\render\pipeline_state\all_state.h">
      <Filter>kengine\render\pipeline_state</Filter>
    </ClInclude>
    <ClInclude Include="kengine\render\render_graph\render_buffer.h">
      <Filter>kengine\render\render_graph</Filter>
    </ClInclude>
    <ClInclude Include="kengine\render\render_graph\pass\opacity_pass.h">
      <Filter>kengine\render\render_graph\pass</Filter>
    </ClInclude>
    <ClInclude Include="kengine\render\render_graph\pass\draw_pass.h">
      <Filter>kengine\render\render_graph\pass</Filter>
    </ClInclude>
    <ClInclude Include="kengine\scene\component\transform.h">
      <Filter>kengine\scene\component</Filter>
    </ClInclude>
    <ClInclude Include="kengine\render\render_graph\common_uniform.h">
      <Filter>kengine\render\render_graph</Filter>
    </ClInclude>
    <ClInclude Include="kengine\scene\component\uniform_component.h">
      <Filter>kengine\scene\component</Filter>
    </ClInclude>
    <ClInclude Include="kengine\system\monitor\monitor.h">
      <Filter>kengine\system\monitor</Filter>
    </ClInclude>
    <ClInclude Include="kengine\system\monitor\command.h" />
    <ClInclude Include="kengine\service\async_service.h">
      <Filter>kengine\service</Filter>
    </ClInclude>
    <ClInclude Include="kengine\system\monitor\monitor_processor.h">
      <Filter>kengine\system\monitor</Filter>
    </ClInclude>
    <ClInclude Include="kengine\system\monitor\test_processor.h">
      <Filter>kengine\system\monitor</Filter>
    </ClInclude>
    <ClInclude Include="kengine\geometry\cube.h">
      <Filter>kengine\geometry</Filter>
    </ClInclude>
    <ClInclude Include="kengine\geometry\plane.h">
      <Filter>kengine\geometry</Filter>
    </ClInclude>
    <ClInclude Include="kengine\util\mesh_importer.h">
      <Filter>kengine\utiil</Filter>
    </ClInclude>
    <ClInclude Include="kengine\service\event_service.h">
      <Filter>kengine\service</Filter>
    </ClInclude>
    <ClInclude Include="kengine\render\pipeline_state\view_port_state.h">
      <Filter>kengine\render\pipeline_state</Filter>
    </ClInclude>
    <ClInclude Include="kengine\render\pipeline_state\scissor_state.h">
      <Filter>kengine\render\pipeline_state</Filter>
    </ClInclude>
    <ClInclude Include="kengine\support\screen.h">
      <Filter>kengine\support</Filter>
    </ClInclude>
    <ClInclude Include="kengine\render\render_graph\pass\fence_pass.h">
      <Filter>kengine\render\render_graph\pass</Filter>
    </ClInclude>
    <ClInclude Include="kengine\render\render_graph\pass\camera_pass.h">
      <Filter>kengine\render\render_graph\pass</Filter>
    </ClInclude>
    <ClInclude Include="kengine\gpgpu\gpgpu.h">
      <Filter>kengine\gpgpu</Filter>
    </ClInclude>
    <ClInclude Include="kengine\util\texture_importer.h">
      <Filter>kengine\utiil</Filter>
    </ClInclude>
    <ClInclude Include="kengine\util\shader_importer.h">
      <Filter>kengine\utiil</Filter>
    </ClInclude>
    <ClInclude Include="kengine\util\material_importer.h">
      <Filter>kengine\utiil</Filter>
    </ClInclude>
    <ClInclude Include="kengine\util\mat_glsl_importer.h">
      <Filter>kengine\utiil</Filter>
    </ClInclude>
    <ClInclude Include="kengine\scene\component\mesh_morph.h">
      <Filter>kengine\scene\component</Filter>
    </ClInclude>
    <ClInclude Include="kengine\scene\component\mesh_skin.h">
      <Filter>kengine\scene\component</Filter>
    </ClInclude>
    <ClInclude Include="kengine\resource\ram\uniform.h">
      <Filter>kengine\resource\ram</Filter>
    </ClInclude>
    <ClInclude Include="kengine\render\render_graph\bind_point_manager.h">
      <Filter>kengine\render\render_graph</Filter>
    </ClInclude>
    <ClInclude Include="kengine\core\collection\circle_queue.h">
      <Filter>kengine\core\collection</Filter>
    </ClInclude>
    <ClInclude Include="kengine\util\render_graph_importer.h">
      <Filter>kengine\utiil</Filter>
    </ClInclude>
    <ClInclude Include="kengine\util\scene_importer.h">
      <Filter>kengine\utiil</Filter>
    </ClInclude>
    <ClInclude Include="kengine\util\kglut.h">
      <Filter>kengine\utiil</Filter>
    </ClInclude>
    <ClInclude Include="kengine\render\render_graph\pass\copy_framebuffer_pass.h">
      <Filter>kengine\render\render_graph\pass</Filter>
    </ClInclude>
    <ClInclude Include="kengine\core\math\region.h">
      <Filter>kengine\core\math</Filter>
    </ClInclude>
    <ClInclude Include="kengine\geometry\geometry.h">
      <Filter>kengine\geometry</Filter>
    </ClInclude>
    <ClInclude Include="kengine\resource\buildin\box_mesh.h">
      <Filter>kengine\resource\buildin</Filter>
    </ClInclude>
    <ClInclude Include="kengine\resource\buildin\plane_mesh.h">
      <Filter>kengine\resource\buildin</Filter>
    </ClInclude>
    <ClInclude Include="kengine\core\base\base.h">
      <Filter>kengine\core\base</Filter>
    </ClInclude>
    <ClInclude Include="kengine\core\base\buffer.h">
      <Filter>kengine\core\base</Filter>
    </ClInclude>
    <ClInclude Include="kengine\core\base\color.h">
      <Filter>kengine\core\base</Filter>
    </ClInclude>
    <ClInclude Include="kengine\core\base\guid.h">
      <Filter>kengine\core\base</Filter>
    </ClInclude>
    <ClInclude Include="kengine\core\base\log.h">
      <Filter>kengine\core\base</Filter>
    </ClInclude>
    <ClInclude Include="kengine\core\base\memory.h">
      <Filter>kengine\core\base</Filter>
    </ClInclude>
    <ClInclude Include="kengine\core\base\type.h">
      <Filter>kengine\core\base</Filter>
    </ClInclude>
    <ClInclude Include="kengine\core\base\uid.h">
      <Filter>kengine\core\base</Filter>
    </ClInclude>
    <ClInclude Include="kengine\core\collection\clist.h">
      <Filter>kengine\core\collection</Filter>
    </ClInclude>
    <ClInclude Include="kengine\core\collection\ctree.h">
      <Filter>kengine\core\collection</Filter>
    </ClInclude>
    <ClInclude Include="kengine\core\collection\link_object_alloc.h">
      <Filter>kengine\core\collection</Filter>
    </ClInclude>
    <ClInclude Include="kengine\core\collection\object_alloc.h">
      <Filter>kengine\core\collection</Filter>
    </ClInclude>
    <ClInclude Include="kengine\animation\animator.h">
      <Filter>kengine\animation</Filter>
    </ClInclude>
    <ClInclude Include="kengine\util\skin_importer.h">
      <Filter>kengine\utiil</Filter>
    </ClInclude>
  </ItemGroup>
  <ItemGroup>
    <Text Include="kengine\CMakeLists.txt">
      <Filter>kengine</Filter>
    </Text>
  </ItemGroup>
</Project>